
Microsoft Visual Studio Solution File, Format Version 12.00
# Visual Studio Version 16
VisualStudioVersion = 16.0.31424.327
MinimumVisualStudioVersion = 10.0.40219.1
Project("{FAE04EC0-301F-11D3-BF4B-00C04F79EFBC}") = "ConsoleApp1", "ConsoleApp1.csproj", "{77E3E31B-2A70-4D17-9BD9-1978622ED508}"
EndProject
Global
	GlobalSection(SolutionConfigurationPlatforms) = preSolution
		Debug|Any CPU = Debug|Any CPU
		Release|Any CPU = Release|Any CPU
	EndGlobalSection
	GlobalSection(ProjectConfigurationPlatforms) = postSolution
		{77E3E31B-2A70-4D17-9BD9-1978622ED508}.Debug|Any CPU.ActiveCfg = Debug|Any CPU
		{77E3E31B-2A70-4D17-9BD9-1978622ED508}.Debug|Any CPU.Build.0 = Debug|Any CPU
		{77E3E31B-2A70-4D17-9BD9-1978622ED508}.Release|Any CPU.ActiveCfg = Release|Any CPU
		{77E3E31B-2A70-4D17-9BD9-1978622ED508}.Release|Any CPU.Build.0 = Release|Any CPU
	EndGlobalSection
	GlobalSection(SolutionProperties) = preSolution
		HideSolutionNode = FALSE
	EndGlobalSection
	GlobalSection(ExtensibilityGlobals) = postSolution
		SolutionGuid = {CFFA3124-09F7-4C6A-8343-41481A7DC57B}
	EndGlobalSection
EndGlobal
